
Microsoft Visual Studio Solution File, Format Version 12.00
# Visual Studio 15
VisualStudioVersion = 15.0.26730.16
MinimumVisualStudioVersion = 10.0.40219.1
Project("{FAE04EC0-301F-11D3-BF4B-00C04F79EFBC}") = "NodeAsDevTool", "NodeAsDevTool\NodeAsDevTool.csproj", "{5D40BC89-088F-4F38-B29E-E50FE33DDC3E}"
EndProject
Global
	GlobalSection(SolutionConfigurationPlatforms) = preSolution
		Debug|Any CPU = Debug|Any CPU
		Release|Any CPU = Release|Any CPU
	EndGlobalSection
	GlobalSection(ProjectConfigurationPlatforms) = postSolution
		{5D40BC89-088F-4F38-B29E-E50FE33DDC3E}.Debug|Any CPU.ActiveCfg = Debug|Any CPU
		{5D40BC89-088F-4F38-B29E-E50FE33DDC3E}.Debug|Any CPU.Build.0 = Debug|Any CPU
		{5D40BC89-088F-4F38-B29E-E50FE33DDC3E}.Release|Any CPU.ActiveCfg = Release|Any CPU
		{5D40BC89-088F-4F38-B29E-E50FE33DDC3E}.Release|Any CPU.Build.0 = Release|Any CPU
	EndGlobalSection
	GlobalSection(SolutionProperties) = preSolution
		HideSolutionNode = FALSE
	EndGlobalSection
	GlobalSection(ExtensibilityGlobals) = postSolution
		SolutionGuid = {0EB0A6B8-7043-453E-8788-090E3BBBF86D}
	EndGlobalSection
EndGlobal
